
Microsoft Visual Studio Solution File, Format Version 12.00
# Visual Studio Version 16
VisualStudioVersion = 16.0.30114.105
MinimumVisualStudioVersion = 10.0.40219.1
Project("{2150E333-8FDC-42A3-9474-1A3956D46DE8}") = "Apps", "Apps", "{82F62358-D967-4081-9B1E-9DE7BC44B10C}"
EndProject
Project("{2150E333-8FDC-42A3-9474-1A3956D46DE8}") = "Tools", "Tools", "{0C3B7AE4-866A-4085-9819-34B36F852B32}"
EndProject
Project("{2150E333-8FDC-42A3-9474-1A3956D46DE8}") = "JToolbox", "JToolbox", "{0C544842-C1B5-4490-8EC5-B2AF98E37235}"
EndProject
Project("{2150E333-8FDC-42A3-9474-1A3956D46DE8}") = "Desktop", "Desktop", "{BA5304EF-4448-497F-B7EC-D095C5BC4412}"
EndProject
Project("{9A19103F-16F7-4668-BE54-9A1E7A4F7556}") = "JToolbox.Core", "JToolbox\JToolbox.Core\JToolbox.Core.csproj", "{65B6FF9A-FA15-4D33-A3E0-6C91029F4239}"
EndProject
Project("{FAE04EC0-301F-11D3-BF4B-00C04F79EFBC}") = "JToolbox.Desktop.Dialogs", "JToolbox\Desktop\JToolbox.Desktop.Dialogs\JToolbox.Desktop.Dialogs.csproj", "{7519097D-59FF-4717-A043-C083A7AA9A5D}"
EndProject
Project("{9A19103F-16F7-4668-BE54-9A1E7A4F7556}") = "XmlSampleGenerator", "Tools\XmlSampleGenerator\XmlSampleGenerator.csproj", "{44F03B5D-002E-442F-B0E7-04AD827E7370}"
EndProject
Project("{FAE04EC0-301F-11D3-BF4B-00C04F79EFBC}") = "XSDTools", "Tools\XSDTools\XSDTools.csproj", "{0827D56F-C220-48AD-A5D2-9FD6AA17A2A4}"
EndProject
Project("{2150E333-8FDC-42A3-9474-1A3956D46DE8}") = "Solution Items", "Solution Items", "{E3EED67F-BB6C-4673-8B5C-7256B92CD862}"
	ProjectSection(SolutionItems) = preProject
		_todo.txt = _todo.txt
	EndProjectSection
EndProject
Project("{FAE04EC0-301F-11D3-BF4B-00C04F79EFBC}") = "XSDTools.DesktopApp", "Apps\XSDTools.DesktopApp\XSDTools.DesktopApp.csproj", "{F8AAA611-A074-4D85-ACE1-1EC71BEC901A}"
EndProject
Project("{FAE04EC0-301F-11D3-BF4B-00C04F79EFBC}") = "XSDTools.ConsoleApp", "Apps\XSDTools.ConsoleApp\XSDTools.ConsoleApp.csproj", "{A66AF431-DBBF-4373-AFD3-8B6F94F55DE0}"
EndProject
Project("{FAE04EC0-301F-11D3-BF4B-00C04F79EFBC}") = "JToolbox.Desktop.Core", "JToolbox\Desktop\JToolbox.Desktop.Core\JToolbox.Desktop.Core.csproj", "{F91C51E8-EEE9-405D-8D53-1BD1A8B462A9}"
EndProject
Global
	GlobalSection(SolutionConfigurationPlatforms) = preSolution
		Debug|Any CPU = Debug|Any CPU
		Release|Any CPU = Release|Any CPU
	EndGlobalSection
	GlobalSection(ProjectConfigurationPlatforms) = postSolution
		{65B6FF9A-FA15-4D33-A3E0-6C91029F4239}.Debug|Any CPU.ActiveCfg = Debug|Any CPU
		{65B6FF9A-FA15-4D33-A3E0-6C91029F4239}.Debug|Any CPU.Build.0 = Debug|Any CPU
		{65B6FF9A-FA15-4D33-A3E0-6C91029F4239}.Release|Any CPU.ActiveCfg = Release|Any CPU
		{65B6FF9A-FA15-4D33-A3E0-6C91029F4239}.Release|Any CPU.Build.0 = Release|Any CPU
		{7519097D-59FF-4717-A043-C083A7AA9A5D}.Debug|Any CPU.ActiveCfg = Debug|Any CPU
		{7519097D-59FF-4717-A043-C083A7AA9A5D}.Debug|Any CPU.Build.0 = Debug|Any CPU
		{7519097D-59FF-4717-A043-C083A7AA9A5D}.Release|Any CPU.ActiveCfg = Release|Any CPU
		{7519097D-59FF-4717-A043-C083A7AA9A5D}.Release|Any CPU.Build.0 = Release|Any CPU
		{44F03B5D-002E-442F-B0E7-04AD827E7370}.Debug|Any CPU.ActiveCfg = Debug|Any CPU
		{44F03B5D-002E-442F-B0E7-04AD827E7370}.Debug|Any CPU.Build.0 = Debug|Any CPU
		{44F03B5D-002E-442F-B0E7-04AD827E7370}.Release|Any CPU.ActiveCfg = Release|Any CPU
		{44F03B5D-002E-442F-B0E7-04AD827E7370}.Release|Any CPU.Build.0 = Release|Any CPU
		{0827D56F-C220-48AD-A5D2-9FD6AA17A2A4}.Debug|Any CPU.ActiveCfg = Debug|Any CPU
		{0827D56F-C220-48AD-A5D2-9FD6AA17A2A4}.Debug|Any CPU.Build.0 = Debug|Any CPU
		{0827D56F-C220-48AD-A5D2-9FD6AA17A2A4}.Release|Any CPU.ActiveCfg = Release|Any CPU
		{0827D56F-C220-48AD-A5D2-9FD6AA17A2A4}.Release|Any CPU.Build.0 = Release|Any CPU
		{F8AAA611-A074-4D85-ACE1-1EC71BEC901A}.Debug|Any CPU.ActiveCfg = Debug|Any CPU
		{F8AAA611-A074-4D85-ACE1-1EC71BEC901A}.Debug|Any CPU.Build.0 = Debug|Any CPU
		{F8AAA611-A074-4D85-ACE1-1EC71BEC901A}.Release|Any CPU.ActiveCfg = Release|Any CPU
		{F8AAA611-A074-4D85-ACE1-1EC71BEC901A}.Release|Any CPU.Build.0 = Release|Any CPU
		{A66AF431-DBBF-4373-AFD3-8B6F94F55DE0}.Debug|Any CPU.ActiveCfg = Debug|Any CPU
		{A66AF431-DBBF-4373-AFD3-8B6F94F55DE0}.Debug|Any CPU.Build.0 = Debug|Any CPU
		{A66AF431-DBBF-4373-AFD3-8B6F94F55DE0}.Release|Any CPU.ActiveCfg = Release|Any CPU
		{A66AF431-DBBF-4373-AFD3-8B6F94F55DE0}.Release|Any CPU.Build.0 = Release|Any CPU
		{F91C51E8-EEE9-405D-8D53-1BD1A8B462A9}.Debug|Any CPU.ActiveCfg = Debug|Any CPU
		{F91C51E8-EEE9-405D-8D53-1BD1A8B462A9}.Debug|Any CPU.Build.0 = Debug|Any CPU
		{F91C51E8-EEE9-405D-8D53-1BD1A8B462A9}.Release|Any CPU.ActiveCfg = Release|Any CPU
		{F91C51E8-EEE9-405D-8D53-1BD1A8B462A9}.Release|Any CPU.Build.0 = Release|Any CPU
	EndGlobalSection
	GlobalSection(SolutionProperties) = preSolution
		HideSolutionNode = FALSE
	EndGlobalSection
	GlobalSection(NestedProjects) = preSolution
		{BA5304EF-4448-497F-B7EC-D095C5BC4412} = {0C544842-C1B5-4490-8EC5-B2AF98E37235}
		{65B6FF9A-FA15-4D33-A3E0-6C91029F4239} = {0C544842-C1B5-4490-8EC5-B2AF98E37235}
		{7519097D-59FF-4717-A043-C083A7AA9A5D} = {BA5304EF-4448-497F-B7EC-D095C5BC4412}
		{44F03B5D-002E-442F-B0E7-04AD827E7370} = {0C3B7AE4-866A-4085-9819-34B36F852B32}
		{0827D56F-C220-48AD-A5D2-9FD6AA17A2A4} = {0C3B7AE4-866A-4085-9819-34B36F852B32}
		{F8AAA611-A074-4D85-ACE1-1EC71BEC901A} = {82F62358-D967-4081-9B1E-9DE7BC44B10C}
		{A66AF431-DBBF-4373-AFD3-8B6F94F55DE0} = {82F62358-D967-4081-9B1E-9DE7BC44B10C}
		{F91C51E8-EEE9-405D-8D53-1BD1A8B462A9} = {BA5304EF-4448-497F-B7EC-D095C5BC4412}
	EndGlobalSection
	GlobalSection(ExtensibilityGlobals) = postSolution
		SolutionGuid = {CF70E8FA-19B6-468E-AEEA-2C0388D16FFD}
	EndGlobalSection
EndGlobal
